
Microsoft Visual Studio Solution File, Format Version 12.00
# Visual Studio Version 17
VisualStudioVersion = 17.6.33815.320
MinimumVisualStudioVersion = 10.0.40219.1
Project("{9A19103F-16F7-4668-BE54-9A1E7A4F7556}") = "ATA_SetCPUPriority", "ATA_SetCPUPriority.App\ATA_SetCPUPriority.csproj", "{648DEAF0-0E01-4B79-8189-9A13690FD3AB}"
EndProject
Project("{9A19103F-16F7-4668-BE54-9A1E7A4F7556}") = "ATA_SetCPUPriority.Services", "ATA_SetCPUPriority.Services\ATA_SetCPUPriority.Services.csproj", "{CD27661F-2A08-491F-8079-564695342589}"
EndProject
Project("{9A19103F-16F7-4668-BE54-9A1E7A4F7556}") = "ATA_SetCPUPriority.ServicesTests", "ATA_SetCPUPriority.ServicesTests\ATA_SetCPUPriority.ServicesTests.csproj", "{503E7320-A9FC-4350-8947-4E0FDF791F95}"
EndProject
Global
	GlobalSection(SolutionConfigurationPlatforms) = preSolution
		Debug|Any CPU = Debug|Any CPU
		Release|Any CPU = Release|Any CPU
	EndGlobalSection
	GlobalSection(ProjectConfigurationPlatforms) = postSolution
		{648DEAF0-0E01-4B79-8189-9A13690FD3AB}.Debug|Any CPU.ActiveCfg = Debug|Any CPU
		{648DEAF0-0E01-4B79-8189-9A13690FD3AB}.Debug|Any CPU.Build.0 = Debug|Any CPU
		{648DEAF0-0E01-4B79-8189-9A13690FD3AB}.Release|Any CPU.ActiveCfg = Release|Any CPU
		{648DEAF0-0E01-4B79-8189-9A13690FD3AB}.Release|Any CPU.Build.0 = Release|Any CPU
		{CD27661F-2A08-491F-8079-564695342589}.Debug|Any CPU.ActiveCfg = Debug|Any CPU
		{CD27661F-2A08-491F-8079-564695342589}.Debug|Any CPU.Build.0 = Debug|Any CPU
		{CD27661F-2A08-491F-8079-564695342589}.Release|Any CPU.ActiveCfg = Release|Any CPU
		{CD27661F-2A08-491F-8079-564695342589}.Release|Any CPU.Build.0 = Release|Any CPU
		{503E7320-A9FC-4350-8947-4E0FDF791F95}.Debug|Any CPU.ActiveCfg = Debug|Any CPU
		{503E7320-A9FC-4350-8947-4E0FDF791F95}.Debug|Any CPU.Build.0 = Debug|Any CPU
		{503E7320-A9FC-4350-8947-4E0FDF791F95}.Release|Any CPU.ActiveCfg = Release|Any CPU
	EndGlobalSection
	GlobalSection(SolutionProperties) = preSolution
		HideSolutionNode = FALSE
	EndGlobalSection
	GlobalSection(ExtensibilityGlobals) = postSolution
		SolutionGuid = {0E5914E3-27F4-448C-9093-6E75EAD6D57A}
	EndGlobalSection
EndGlobal
